
Microsoft Visual Studio Solution File, Format Version 12.00
# Visual Studio Version 16
VisualStudioVersion = 16.0.31410.357
MinimumVisualStudioVersion = 10.0.40219.1
Project("{9A19103F-16F7-4668-BE54-9A1E7A4F7556}") = "PlatformService", "PlatformService\PlatformService.csproj", "{8EA35089-20C2-4FA1-8014-71B075529D16}"
EndProject
Project("{9A19103F-16F7-4668-BE54-9A1E7A4F7556}") = "CommandService", "CommandService\CommandService.csproj", "{84F77416-6BBC-481A-A79E-EE256D28CCF9}"
EndProject
Project("{E53339B2-1760-4266-BCC7-CA923CBCF16C}") = "docker-compose", "docker-compose.dcproj", "{734D4F20-2DEB-4A46-98C7-1F8B717B64B9}"
EndProject
Global
	GlobalSection(SolutionConfigurationPlatforms) = preSolution
		Debug|Any CPU = Debug|Any CPU
		Release|Any CPU = Release|Any CPU
	EndGlobalSection
	GlobalSection(ProjectConfigurationPlatforms) = postSolution
		{8EA35089-20C2-4FA1-8014-71B075529D16}.Debug|Any CPU.ActiveCfg = Debug|Any CPU
		{8EA35089-20C2-4FA1-8014-71B075529D16}.Debug|Any CPU.Build.0 = Debug|Any CPU
		{8EA35089-20C2-4FA1-8014-71B075529D16}.Release|Any CPU.ActiveCfg = Release|Any CPU
		{8EA35089-20C2-4FA1-8014-71B075529D16}.Release|Any CPU.Build.0 = Release|Any CPU
		{84F77416-6BBC-481A-A79E-EE256D28CCF9}.Debug|Any CPU.ActiveCfg = Debug|Any CPU
		{84F77416-6BBC-481A-A79E-EE256D28CCF9}.Debug|Any CPU.Build.0 = Debug|Any CPU
		{84F77416-6BBC-481A-A79E-EE256D28CCF9}.Release|Any CPU.ActiveCfg = Release|Any CPU
		{84F77416-6BBC-481A-A79E-EE256D28CCF9}.Release|Any CPU.Build.0 = Release|Any CPU
		{734D4F20-2DEB-4A46-98C7-1F8B717B64B9}.Debug|Any CPU.ActiveCfg = Debug|Any CPU
		{734D4F20-2DEB-4A46-98C7-1F8B717B64B9}.Debug|Any CPU.Build.0 = Debug|Any CPU
		{734D4F20-2DEB-4A46-98C7-1F8B717B64B9}.Release|Any CPU.ActiveCfg = Release|Any CPU
		{734D4F20-2DEB-4A46-98C7-1F8B717B64B9}.Release|Any CPU.Build.0 = Release|Any CPU
	EndGlobalSection
	GlobalSection(SolutionProperties) = preSolution
		HideSolutionNode = FALSE
	EndGlobalSection
	GlobalSection(ExtensibilityGlobals) = postSolution
		SolutionGuid = {14C76E75-3CF8-4710-BAB1-1EB3893DEF7A}
	EndGlobalSection
EndGlobal
